// !$*UTF8*$!
{
	archiveVersion = 1;
	classes = {
	};
	objectVersion = 50;
	objects = {

/* Begin PBXBuildFile section */
		201499D024FEDBDB00D772CD /* FileManager+Extension.swift in Sources */ = {isa = PBXBuildFile; fileRef = 201499CF24FEDBDB00D772CD /* FileManager+Extension.swift */; };
		201499D224FEDD3800D772CD /* MovieSubset.swift in Sources */ = {isa = PBXBuildFile; fileRef = 201499D124FEDD3800D772CD /* MovieSubset.swift */; };
		201499D524FF659D00D772CD /* SearchResultCollectionViewCell.swift in Sources */ = {isa = PBXBuildFile; fileRef = 201499D324FF659D00D772CD /* SearchResultCollectionViewCell.swift */; };
		201499D624FF659D00D772CD /* SearchResultCollectionViewCell.xib in Resources */ = {isa = PBXBuildFile; fileRef = 201499D424FF659D00D772CD /* SearchResultCollectionViewCell.xib */; };
		201499D924FF8A5200D772CD /* DetailsViewController.swift in Sources */ = {isa = PBXBuildFile; fileRef = 201499D724FF8A5200D772CD /* DetailsViewController.swift */; };
		201499DA24FF8A5200D772CD /* DetailsViewController.xib in Resources */ = {isa = PBXBuildFile; fileRef = 201499D824FF8A5200D772CD /* DetailsViewController.xib */; };
		20CE21E924FE3B8F00994B8E /* AppDelegate.swift in Sources */ = {isa = PBXBuildFile; fileRef = 20CE21E824FE3B8F00994B8E /* AppDelegate.swift */; };
		20CE21EB24FE3B8F00994B8E /* SceneDelegate.swift in Sources */ = {isa = PBXBuildFile; fileRef = 20CE21EA24FE3B8F00994B8E /* SceneDelegate.swift */; };
		20CE21EF24FE3B9000994B8E /* Assets.xcassets in Resources */ = {isa = PBXBuildFile; fileRef = 20CE21EE24FE3B9000994B8E /* Assets.xcassets */; };
		20CE21F524FE3B9000994B8E /* LaunchScreen.storyboard in Resources */ = {isa = PBXBuildFile; fileRef = 20CE21F324FE3B9000994B8E /* LaunchScreen.storyboard */; };
		20CE220024FE3B9000994B8E /* TestProjectTests.swift in Sources */ = {isa = PBXBuildFile; fileRef = 20CE21FF24FE3B9000994B8E /* TestProjectTests.swift */; };
		20CE220D24FE3C4D00994B8E /* ViewController.xib in Resources */ = {isa = PBXBuildFile; fileRef = 20CE220C24FE3C4D00994B8E /* ViewController.xib */; };
		20CE220F24FE3C6600994B8E /* ViewController.swift in Sources */ = {isa = PBXBuildFile; fileRef = 20CE220E24FE3C6600994B8E /* ViewController.swift */; };
		20CE221424FE3C7700994B8E /* ApplicationCoordinator.swift in Sources */ = {isa = PBXBuildFile; fileRef = 20CE221124FE3C7700994B8E /* ApplicationCoordinator.swift */; };
		20CE221524FE3C7700994B8E /* MovieListCoordinator.swift in Sources */ = {isa = PBXBuildFile; fileRef = 20CE221224FE3C7700994B8E /* MovieListCoordinator.swift */; };
		20CE221624FE3C7700994B8E /* Coordinator.swift in Sources */ = {isa = PBXBuildFile; fileRef = 20CE221324FE3C7700994B8E /* Coordinator.swift */; };
		20CE221824FE3D1B00994B8E /* ViewModel.swift in Sources */ = {isa = PBXBuildFile; fileRef = 20CE221724FE3D1B00994B8E /* ViewModel.swift */; };
		20CE221B24FE3EFE00994B8E /* MovieCollectionViewCell.swift in Sources */ = {isa = PBXBuildFile; fileRef = 20CE221924FE3EFE00994B8E /* MovieCollectionViewCell.swift */; };
		20CE221E24FE40A600994B8E /* Section.swift in Sources */ = {isa = PBXBuildFile; fileRef = 20CE221D24FE40A600994B8E /* Section.swift */; };
		20CE222224FE416200994B8E /* SectionHeaderReusableView.swift in Sources */ = {isa = PBXBuildFile; fileRef = 20CE222124FE416200994B8E /* SectionHeaderReusableView.swift */; };
		20CE222424FE6F8800994B8E /* MovieCollectionViewCell.xib in Resources */ = {isa = PBXBuildFile; fileRef = 20CE222324FE6F8800994B8E /* MovieCollectionViewCell.xib */; };
		20CE222724FE82F700994B8E /* MovieEndpoint.swift in Sources */ = {isa = PBXBuildFile; fileRef = 20CE222624FE82F700994B8E /* MovieEndpoint.swift */; };
		20CE222924FE830F00994B8E /* NetworkManager.swift in Sources */ = {isa = PBXBuildFile; fileRef = 20CE222824FE830F00994B8E /* NetworkManager.swift */; };
		20CE222B24FE832E00994B8E /* EndpointType.swift in Sources */ = {isa = PBXBuildFile; fileRef = 20CE222A24FE832E00994B8E /* EndpointType.swift */; };
		20CE222D24FE834700994B8E /* Router.swift in Sources */ = {isa = PBXBuildFile; fileRef = 20CE222C24FE834700994B8E /* Router.swift */; };
		20CE222F24FE836200994B8E /* HttpMethod.swift in Sources */ = {isa = PBXBuildFile; fileRef = 20CE222E24FE836200994B8E /* HttpMethod.swift */; };
		20CE223124FE837600994B8E /* HttpTask.swift in Sources */ = {isa = PBXBuildFile; fileRef = 20CE223024FE837600994B8E /* HttpTask.swift */; };
		20CE223324FE839200994B8E /* ParameterEncoding.swift in Sources */ = {isa = PBXBuildFile; fileRef = 20CE223224FE839200994B8E /* ParameterEncoding.swift */; };
		20CE223524FE83A800994B8E /* URLParamterEncoding.swift in Sources */ = {isa = PBXBuildFile; fileRef = 20CE223424FE83A800994B8E /* URLParamterEncoding.swift */; };
		20CE223724FE83C000994B8E /* JsonParameterEncoding.swift in Sources */ = {isa = PBXBuildFile; fileRef = 20CE223624FE83BF00994B8E /* JsonParameterEncoding.swift */; };
		20CE223A24FE8C8F00994B8E /* UIImageView+Extension.swift in Sources */ = {isa = PBXBuildFile; fileRef = 20CE223924FE8C8F00994B8E /* UIImageView+Extension.swift */; };
		20CE223C24FEBA4E00994B8E /* Movie.swift in Sources */ = {isa = PBXBuildFile; fileRef = 20CE223B24FEBA4E00994B8E /* Movie.swift */; };
/* End PBXBuildFile section */

/* Begin PBXContainerItemProxy section */
		20CE21FC24FE3B9000994B8E /* PBXContainerItemProxy */ = {
			isa = PBXContainerItemProxy;
			containerPortal = 20CE21DD24FE3B8F00994B8E /* Project object */;
			proxyType = 1;
			remoteGlobalIDString = 20CE21E424FE3B8F00994B8E;
			remoteInfo = TestProject;
		};
/* End PBXContainerItemProxy section */

/* Begin PBXFileReference section */
		201499CF24FEDBDB00D772CD /* FileManager+Extension.swift */ = {isa = PBXFileReference; lastKnownFileType = sourcecode.swift; path = "FileManager+Extension.swift"; sourceTree = "<group>"; };
		201499D124FEDD3800D772CD /* MovieSubset.swift */ = {isa = PBXFileReference; lastKnownFileType = sourcecode.swift; path = MovieSubset.swift; sourceTree = "<group>"; };
		201499D324FF659D00D772CD /* SearchResultCollectionViewCell.swift */ = {isa = PBXFileReference; lastKnownFileType = sourcecode.swift; path = SearchResultCollectionViewCell.swift; sourceTree = "<group>"; };
		201499D424FF659D00D772CD /* SearchResultCollectionViewCell.xib */ = {isa = PBXFileReference; lastKnownFileType = file.xib; path = SearchResultCollectionViewCell.xib; sourceTree = "<group>"; };
		201499D724FF8A5200D772CD /* DetailsViewController.swift */ = {isa = PBXFileReference; lastKnownFileType = sourcecode.swift; path = DetailsViewController.swift; sourceTree = "<group>"; };
		201499D824FF8A5200D772CD /* DetailsViewController.xib */ = {isa = PBXFileReference; lastKnownFileType = file.xib; path = DetailsViewController.xib; sourceTree = "<group>"; };
		20CE21E524FE3B8F00994B8E /* TestProject.app */ = {isa = PBXFileReference; explicitFileType = wrapper.application; includeInIndex = 0; path = TestProject.app; sourceTree = BUILT_PRODUCTS_DIR; };
		20CE21E824FE3B8F00994B8E /* AppDelegate.swift */ = {isa = PBXFileReference; lastKnownFileType = sourcecode.swift; path = AppDelegate.swift; sourceTree = "<group>"; };
		20CE21EA24FE3B8F00994B8E /* SceneDelegate.swift */ = {isa = PBXFileReference; lastKnownFileType = sourcecode.swift; path = SceneDelegate.swift; sourceTree = "<group>"; };
		20CE21EE24FE3B9000994B8E /* Assets.xcassets */ = {isa = PBXFileReference; lastKnownFileType = folder.assetcatalog; path = Assets.xcassets; sourceTree = "<group>"; };
		20CE21F424FE3B9000994B8E /* Base */ = {isa = PBXFileReference; lastKnownFileType = file.storyboard; name = Base; path = Base.lproj/LaunchScreen.storyboard; sourceTree = "<group>"; };
		20CE21F624FE3B9000994B8E /* Info.plist */ = {isa = PBXFileReference; lastKnownFileType = text.plist.xml; path = Info.plist; sourceTree = "<group>"; };
		20CE21FB24FE3B9000994B8E /* TestProjectTests.xctest */ = {isa = PBXFileReference; explicitFileType = wrapper.cfbundle; includeInIndex = 0; path = TestProjectTests.xctest; sourceTree = BUILT_PRODUCTS_DIR; };
		20CE21FF24FE3B9000994B8E /* TestProjectTests.swift */ = {isa = PBXFileReference; lastKnownFileType = sourcecode.swift; path = TestProjectTests.swift; sourceTree = "<group>"; };
		20CE220124FE3B9000994B8E /* Info.plist */ = {isa = PBXFileReference; lastKnownFileType = text.plist.xml; path = Info.plist; sourceTree = "<group>"; };
		20CE220C24FE3C4D00994B8E /* ViewController.xib */ = {isa = PBXFileReference; fileEncoding = 4; lastKnownFileType = file.xib; path = ViewController.xib; sourceTree = "<group>"; };
		20CE220E24FE3C6600994B8E /* ViewController.swift */ = {isa = PBXFileReference; fileEncoding = 4; lastKnownFileType = sourcecode.swift; path = ViewController.swift; sourceTree = "<group>"; };
		20CE221124FE3C7700994B8E /* ApplicationCoordinator.swift */ = {isa = PBXFileReference; fileEncoding = 4; lastKnownFileType = sourcecode.swift; path = ApplicationCoordinator.swift; sourceTree = "<group>"; };
		20CE221224FE3C7700994B8E /* MovieListCoordinator.swift */ = {isa = PBXFileReference; fileEncoding = 4; lastKnownFileType = sourcecode.swift; path = MovieListCoordinator.swift; sourceTree = "<group>"; };
		20CE221324FE3C7700994B8E /* Coordinator.swift */ = {isa = PBXFileReference; fileEncoding = 4; lastKnownFileType = sourcecode.swift; path = Coordinator.swift; sourceTree = "<group>"; };
		20CE221724FE3D1B00994B8E /* ViewModel.swift */ = {isa = PBXFileReference; fileEncoding = 4; lastKnownFileType = sourcecode.swift; path = ViewModel.swift; sourceTree = "<group>"; };
		20CE221924FE3EFE00994B8E /* MovieCollectionViewCell.swift */ = {isa = PBXFileReference; lastKnownFileType = sourcecode.swift; path = MovieCollectionViewCell.swift; sourceTree = "<group>"; };
		20CE221D24FE40A600994B8E /* Section.swift */ = {isa = PBXFileReference; fileEncoding = 4; lastKnownFileType = sourcecode.swift; path = Section.swift; sourceTree = "<group>"; };
		20CE222124FE416200994B8E /* SectionHeaderReusableView.swift */ = {isa = PBXFileReference; fileEncoding = 4; lastKnownFileType = sourcecode.swift; path = SectionHeaderReusableView.swift; sourceTree = "<group>"; };
		20CE222324FE6F8800994B8E /* MovieCollectionViewCell.xib */ = {isa = PBXFileReference; fileEncoding = 4; lastKnownFileType = file.xib; path = MovieCollectionViewCell.xib; sourceTree = "<group>"; };
		20CE222624FE82F700994B8E /* MovieEndpoint.swift */ = {isa = PBXFileReference; lastKnownFileType = sourcecode.swift; path = MovieEndpoint.swift; sourceTree = "<group>"; };
		20CE222824FE830F00994B8E /* NetworkManager.swift */ = {isa = PBXFileReference; lastKnownFileType = sourcecode.swift; path = NetworkManager.swift; sourceTree = "<group>"; };
		20CE222A24FE832E00994B8E /* EndpointType.swift */ = {isa = PBXFileReference; lastKnownFileType = sourcecode.swift; path = EndpointType.swift; sourceTree = "<group>"; };
		20CE222C24FE834700994B8E /* Router.swift */ = {isa = PBXFileReference; lastKnownFileType = sourcecode.swift; path = Router.swift; sourceTree = "<group>"; };
		20CE222E24FE836200994B8E /* HttpMethod.swift */ = {isa = PBXFileReference; lastKnownFileType = sourcecode.swift; path = HttpMethod.swift; sourceTree = "<group>"; };
		20CE223024FE837600994B8E /* HttpTask.swift */ = {isa = PBXFileReference; lastKnownFileType = sourcecode.swift; path = HttpTask.swift; sourceTree = "<group>"; };
		20CE223224FE839200994B8E /* ParameterEncoding.swift */ = {isa = PBXFileReference; lastKnownFileType = sourcecode.swift; path = ParameterEncoding.swift; sourceTree = "<group>"; };
		20CE223424FE83A800994B8E /* URLParamterEncoding.swift */ = {isa = PBXFileReference; lastKnownFileType = sourcecode.swift; path = URLParamterEncoding.swift; sourceTree = "<group>"; };
		20CE223624FE83BF00994B8E /* JsonParameterEncoding.swift */ = {isa = PBXFileReference; lastKnownFileType = sourcecode.swift; path = JsonParameterEncoding.swift; sourceTree = "<group>"; };
		20CE223924FE8C8F00994B8E /* UIImageView+Extension.swift */ = {isa = PBXFileReference; lastKnownFileType = sourcecode.swift; path = "UIImageView+Extension.swift"; sourceTree = "<group>"; };
		20CE223B24FEBA4E00994B8E /* Movie.swift */ = {isa = PBXFileReference; lastKnownFileType = sourcecode.swift; path = Movie.swift; sourceTree = "<group>"; };
/* End PBXFileReference section */

/* Begin PBXFrameworksBuildPhase section */
		20CE21E224FE3B8F00994B8E /* Frameworks */ = {
			isa = PBXFrameworksBuildPhase;
			buildActionMask = 2147483647;
			files = (
			);
			runOnlyForDeploymentPostprocessing = 0;
		};
		20CE21F824FE3B9000994B8E /* Frameworks */ = {
			isa = PBXFrameworksBuildPhase;
			buildActionMask = 2147483647;
			files = (
			);
			runOnlyForDeploymentPostprocessing = 0;
		};
/* End PBXFrameworksBuildPhase section */

/* Begin PBXGroup section */
		20CE21DC24FE3B8F00994B8E = {
			isa = PBXGroup;
			children = (
				20CE21E724FE3B8F00994B8E /* TestProject */,
				20CE21FE24FE3B9000994B8E /* TestProjectTests */,
				20CE21E624FE3B8F00994B8E /* Products */,
			);
			sourceTree = "<group>";
		};
		20CE21E624FE3B8F00994B8E /* Products */ = {
			isa = PBXGroup;
			children = (
				20CE21E524FE3B8F00994B8E /* TestProject.app */,
				20CE21FB24FE3B9000994B8E /* TestProjectTests.xctest */,
			);
			name = Products;
			sourceTree = "<group>";
		};
		20CE21E724FE3B8F00994B8E /* TestProject */ = {
			isa = PBXGroup;
			children = (
				20CE224124FEBEB700994B8E /* Application */,
				20CE224024FEBE8A00994B8E /* View */,
				20CE223F24FEBE6C00994B8E /* ViewController */,
				20CE223E24FEBE6000994B8E /* ViewModel */,
				20CE223D24FEBE3800994B8E /* Models */,
				20CE223824FE8C7800994B8E /* Extensions */,
				20CE222524FE82D500994B8E /* Network */,
				20CE221024FE3C7700994B8E /* Coordinator */,
				20CE21EE24FE3B9000994B8E /* Assets.xcassets */,
				20CE21F324FE3B9000994B8E /* LaunchScreen.storyboard */,
			);
			path = TestProject;
			sourceTree = "<group>";
		};
		20CE21FE24FE3B9000994B8E /* TestProjectTests */ = {
			isa = PBXGroup;
			children = (
				20CE21FF24FE3B9000994B8E /* TestProjectTests.swift */,
				20CE220124FE3B9000994B8E /* Info.plist */,
			);
			path = TestProjectTests;
			sourceTree = "<group>";
		};
		20CE221024FE3C7700994B8E /* Coordinator */ = {
			isa = PBXGroup;
			children = (
				20CE221124FE3C7700994B8E /* ApplicationCoordinator.swift */,
				20CE221224FE3C7700994B8E /* MovieListCoordinator.swift */,
				20CE221324FE3C7700994B8E /* Coordinator.swift */,
			);
			path = Coordinator;
			sourceTree = "<group>";
		};
		20CE222524FE82D500994B8E /* Network */ = {
			isa = PBXGroup;
			children = (
				20CE222624FE82F700994B8E /* MovieEndpoint.swift */,
				20CE222824FE830F00994B8E /* NetworkManager.swift */,
				20CE222A24FE832E00994B8E /* EndpointType.swift */,
				20CE222C24FE834700994B8E /* Router.swift */,
				20CE222E24FE836200994B8E /* HttpMethod.swift */,
				20CE223024FE837600994B8E /* HttpTask.swift */,
				20CE223224FE839200994B8E /* ParameterEncoding.swift */,
				20CE223424FE83A800994B8E /* URLParamterEncoding.swift */,
				20CE223624FE83BF00994B8E /* JsonParameterEncoding.swift */,
			);
			path = Network;
			sourceTree = "<group>";
		};
		20CE223824FE8C7800994B8E /* Extensions */ = {
			isa = PBXGroup;
			children = (
				20CE223924FE8C8F00994B8E /* UIImageView+Extension.swift */,
				201499CF24FEDBDB00D772CD /* FileManager+Extension.swift */,
			);
			path = Extensions;
			sourceTree = "<group>";
		};
		20CE223D24FEBE3800994B8E /* Models */ = {
			isa = PBXGroup;
			children = (
				20CE223B24FEBA4E00994B8E /* Movie.swift */,
				20CE221D24FE40A600994B8E /* Section.swift */,
				201499D124FEDD3800D772CD /* MovieSubset.swift */,
			);
			path = Models;
			sourceTree = "<group>";
		};
		20CE223E24FEBE6000994B8E /* ViewModel */ = {
			isa = PBXGroup;
			children = (
				20CE221724FE3D1B00994B8E /* ViewModel.swift */,
			);
			path = ViewModel;
			sourceTree = "<group>";
		};
		20CE223F24FEBE6C00994B8E /* ViewController */ = {
			isa = PBXGroup;
			children = (
				20CE220E24FE3C6600994B8E /* ViewController.swift */,
				20CE220C24FE3C4D00994B8E /* ViewController.xib */,
				201499D724FF8A5200D772CD /* DetailsViewController.swift */,
				201499D824FF8A5200D772CD /* DetailsViewController.xib */,
			);
			path = ViewController;
			sourceTree = "<group>";
		};
		20CE224024FEBE8A00994B8E /* View */ = {
			isa = PBXGroup;
			children = (
				20CE221924FE3EFE00994B8E /* MovieCollectionViewCell.swift */,
				20CE222124FE416200994B8E /* SectionHeaderReusableView.swift */,
				20CE222324FE6F8800994B8E /* MovieCollectionViewCell.xib */,
				201499D324FF659D00D772CD /* SearchResultCollectionViewCell.swift */,
				201499D424FF659D00D772CD /* SearchResultCollectionViewCell.xib */,
			);
			path = View;
			sourceTree = "<group>";
		};
		20CE224124FEBEB700994B8E /* Application */ = {
			isa = PBXGroup;
			children = (
				20CE21E824FE3B8F00994B8E /* AppDelegate.swift */,
				20CE21EA24FE3B8F00994B8E /* SceneDelegate.swift */,
				20CE21F624FE3B9000994B8E /* Info.plist */,
			);
			path = Application;
			sourceTree = "<group>";
		};
/* End PBXGroup section */

/* Begin PBXNativeTarget section */
		20CE21E424FE3B8F00994B8E /* TestProject */ = {
			isa = PBXNativeTarget;
			buildConfigurationList = 20CE220424FE3B9000994B8E /* Build configuration list for PBXNativeTarget "TestProject" */;
			buildPhases = (
				20CE21E124FE3B8F00994B8E /* Sources */,
				20CE21E224FE3B8F00994B8E /* Frameworks */,
				20CE21E324FE3B8F00994B8E /* Resources */,
			);
			buildRules = (
			);
			dependencies = (
			);
			name = TestProject;
			productName = TestProject;
			productReference = 20CE21E524FE3B8F00994B8E /* TestProject.app */;
			productType = "com.apple.product-type.application";
		};
		20CE21FA24FE3B9000994B8E /* TestProjectTests */ = {
			isa = PBXNativeTarget;
			buildConfigurationList = 20CE220724FE3B9000994B8E /* Build configuration list for PBXNativeTarget "TestProjectTests" */;
			buildPhases = (
				20CE21F724FE3B9000994B8E /* Sources */,
				20CE21F824FE3B9000994B8E /* Frameworks */,
				20CE21F924FE3B9000994B8E /* Resources */,
			);
			buildRules = (
			);
			dependencies = (
				20CE21FD24FE3B9000994B8E /* PBXTargetDependency */,
			);
			name = TestProjectTests;
			productName = TestProjectTests;
			productReference = 20CE21FB24FE3B9000994B8E /* TestProjectTests.xctest */;
			productType = "com.apple.product-type.bundle.unit-test";
		};
/* End PBXNativeTarget section */

/* Begin PBXProject section */
		20CE21DD24FE3B8F00994B8E /* Project object */ = {
			isa = PBXProject;
			attributes = {
				LastSwiftUpdateCheck = 1160;
				LastUpgradeCheck = 1160;
				ORGANIZATIONNAME = "Aswin Koramanghat";
				TargetAttributes = {
					20CE21E424FE3B8F00994B8E = {
						CreatedOnToolsVersion = 11.6;
					};
					20CE21FA24FE3B9000994B8E = {
						CreatedOnToolsVersion = 11.6;
						TestTargetID = 20CE21E424FE3B8F00994B8E;
					};
				};
			};
			buildConfigurationList = 20CE21E024FE3B8F00994B8E /* Build configuration list for PBXProject "TestProject" */;
			compatibilityVersion = "Xcode 9.3";
			developmentRegion = en;
			hasScannedForEncodings = 0;
			knownRegions = (
				en,
				Base,
			);
			mainGroup = 20CE21DC24FE3B8F00994B8E;
			productRefGroup = 20CE21E624FE3B8F00994B8E /* Products */;
			projectDirPath = "";
			projectRoot = "";
			targets = (
				20CE21E424FE3B8F00994B8E /* TestProject */,
				20CE21FA24FE3B9000994B8E /* TestProjectTests */,
			);
		};
/* End PBXProject section */

/* Begin PBXResourcesBuildPhase section */
		20CE21E324FE3B8F00994B8E /* Resources */ = {
			isa = PBXResourcesBuildPhase;
			buildActionMask = 2147483647;
			files = (
				20CE222424FE6F8800994B8E /* MovieCollectionViewCell.xib in Resources */,
				20CE220D24FE3C4D00994B8E /* ViewController.xib in Resources */,
				20CE21F524FE3B9000994B8E /* LaunchScreen.storyboard in Resources */,
				201499D624FF659D00D772CD /* SearchResultCollectionViewCell.xib in Resources */,
				20CE21EF24FE3B9000994B8E /* Assets.xcassets in Resources */,
				201499DA24FF8A5200D772CD /* DetailsViewController.xib in Resources */,
			);
			runOnlyForDeploymentPostprocessing = 0;
		};
		20CE21F924FE3B9000994B8E /* Resources */ = {
			isa = PBXResourcesBuildPhase;
			buildActionMask = 2147483647;
			files = (
			);
			runOnlyForDeploymentPostprocessing = 0;
		};
/* End PBXResourcesBuildPhase section */

/* Begin PBXSourcesBuildPhase section */
		20CE21E124FE3B8F00994B8E /* Sources */ = {
			isa = PBXSourcesBuildPhase;
			buildActionMask = 2147483647;
			files = (
				20CE223724FE83C000994B8E /* JsonParameterEncoding.swift in Sources */,
				20CE223324FE839200994B8E /* ParameterEncoding.swift in Sources */,
				20CE223524FE83A800994B8E /* URLParamterEncoding.swift in Sources */,
				20CE222B24FE832E00994B8E /* EndpointType.swift in Sources */,
				20CE221E24FE40A600994B8E /* Section.swift in Sources */,
				20CE220F24FE3C6600994B8E /* ViewController.swift in Sources */,
				20CE21E924FE3B8F00994B8E /* AppDelegate.swift in Sources */,
				20CE222924FE830F00994B8E /* NetworkManager.swift in Sources */,
				20CE222224FE416200994B8E /* SectionHeaderReusableView.swift in Sources */,
				20CE223A24FE8C8F00994B8E /* UIImageView+Extension.swift in Sources */,
				20CE221624FE3C7700994B8E /* Coordinator.swift in Sources */,
				201499D024FEDBDB00D772CD /* FileManager+Extension.swift in Sources */,
				20CE222D24FE834700994B8E /* Router.swift in Sources */,
				20CE223124FE837600994B8E /* HttpTask.swift in Sources */,
				20CE21EB24FE3B8F00994B8E /* SceneDelegate.swift in Sources */,
				201499D224FEDD3800D772CD /* MovieSubset.swift in Sources */,
				20CE223C24FEBA4E00994B8E /* Movie.swift in Sources */,
				20CE221424FE3C7700994B8E /* ApplicationCoordinator.swift in Sources */,
				20CE221524FE3C7700994B8E /* MovieListCoordinator.swift in Sources */,
				201499D924FF8A5200D772CD /* DetailsViewController.swift in Sources */,
				201499D524FF659D00D772CD /* SearchResultCollectionViewCell.swift in Sources */,
				20CE221824FE3D1B00994B8E /* ViewModel.swift in Sources */,
				20CE222F24FE836200994B8E /* HttpMethod.swift in Sources */,
				20CE221B24FE3EFE00994B8E /* MovieCollectionViewCell.swift in Sources */,
				20CE222724FE82F700994B8E /* MovieEndpoint.swift in Sources */,
			);
			runOnlyForDeploymentPostprocessing = 0;
		};
		20CE21F724FE3B9000994B8E /* Sources */ = {
			isa = PBXSourcesBuildPhase;
			buildActionMask = 2147483647;
			files = (
				20CE220024FE3B9000994B8E /* TestProjectTests.swift in Sources */,
			);
			runOnlyForDeploymentPostprocessing = 0;
		};
/* End PBXSourcesBuildPhase section */

/* Begin PBXTargetDependency section */
		20CE21FD24FE3B9000994B8E /* PBXTargetDependency */ = {
			isa = PBXTargetDependency;
			target = 20CE21E424FE3B8F00994B8E /* TestProject */;
			targetProxy = 20CE21FC24FE3B9000994B8E /* PBXContainerItemProxy */;
		};
/* End PBXTargetDependency section */

/* Begin PBXVariantGroup section */
		20CE21F324FE3B9000994B8E /* LaunchScreen.storyboard */ = {
			isa = PBXVariantGroup;
			children = (
				20CE21F424FE3B9000994B8E /* Base */,
			);
			name = LaunchScreen.storyboard;
			sourceTree = "<group>";
		};
/* End PBXVariantGroup section */

/* Begin XCBuildConfiguration section */
		20CE220224FE3B9000994B8E /* Debug */ = {
			isa = XCBuildConfiguration;
			buildSettings = {
				ALWAYS_SEARCH_USER_PATHS = NO;
				CLANG_ANALYZER_NONNULL = YES;
				CLANG_ANALYZER_NUMBER_OBJECT_CONVERSION = YES_AGGRESSIVE;
				CLANG_CXX_LANGUAGE_STANDARD = "gnu++14";
				CLANG_CXX_LIBRARY = "libc++";
				CLANG_ENABLE_MODULES = YES;
				CLANG_ENABLE_OBJC_ARC = YES;
				CLANG_ENABLE_OBJC_WEAK = YES;
				CLANG_WARN_BLOCK_CAPTURE_AUTORELEASING = YES;
				CLANG_WARN_BOOL_CONVERSION = YES;
				CLANG_WARN_COMMA = YES;
				CLANG_WARN_CONSTANT_CONVERSION = YES;
				CLANG_WARN_DEPRECATED_OBJC_IMPLEMENTATIONS = YES;
				CLANG_WARN_DIRECT_OBJC_ISA_USAGE = YES_ERROR;
				CLANG_WARN_DOCUMENTATION_COMMENTS = YES;
				CLANG_WARN_EMPTY_BODY = YES;
				CLANG_WARN_ENUM_CONVERSION = YES;
				CLANG_WARN_INFINITE_RECURSION = YES;
				CLANG_WARN_INT_CONVERSION = YES;
				CLANG_WARN_NON_LITERAL_NULL_CONVERSION = YES;
				CLANG_WARN_OBJC_IMPLICIT_RETAIN_SELF = YES;
				CLANG_WARN_OBJC_LITERAL_CONVERSION = YES;
				CLANG_WARN_OBJC_ROOT_CLASS = YES_ERROR;
				CLANG_WARN_RANGE_LOOP_ANALYSIS = YES;
				CLANG_WARN_STRICT_PROTOTYPES = YES;
				CLANG_WARN_SUSPICIOUS_MOVE = YES;
				CLANG_WARN_UNGUARDED_AVAILABILITY = YES_AGGRESSIVE;
				CLANG_WARN_UNREACHABLE_CODE = YES;
				CLANG_WARN__DUPLICATE_METHOD_MATCH = YES;
				COPY_PHASE_STRIP = NO;
				DEBUG_INFORMATION_FORMAT = dwarf;
				ENABLE_STRICT_OBJC_MSGSEND = YES;
				ENABLE_TESTABILITY = YES;
				GCC_C_LANGUAGE_STANDARD = gnu11;
				GCC_DYNAMIC_NO_PIC = NO;
				GCC_NO_COMMON_BLOCKS = YES;
				GCC_OPTIMIZATION_LEVEL = 0;
				GCC_PREPROCESSOR_DEFINITIONS = (
					"DEBUG=1",
					"$(inherited)",
				);
				GCC_WARN_64_TO_32_BIT_CONVERSION = YES;
				GCC_WARN_ABOUT_RETURN_TYPE = YES_ERROR;
				GCC_WARN_UNDECLARED_SELECTOR = YES;
				GCC_WARN_UNINITIALIZED_AUTOS = YES_AGGRESSIVE;
				GCC_WARN_UNUSED_FUNCTION = YES;
				GCC_WARN_UNUSED_VARIABLE = YES;
				IPHONEOS_DEPLOYMENT_TARGET = 13.6;
				MTL_ENABLE_DEBUG_INFO = INCLUDE_SOURCE;
				MTL_FAST_MATH = YES;
				ONLY_ACTIVE_ARCH = YES;
				SDKROOT = iphoneos;
				SWIFT_ACTIVE_COMPILATION_CONDITIONS = DEBUG;
				SWIFT_OPTIMIZATION_LEVEL = "-Onone";
			};
			name = Debug;
		};
		20CE220324FE3B9000994B8E /* Release */ = {
			isa = XCBuildConfiguration;
			buildSettings = {
				ALWAYS_SEARCH_USER_PATHS = NO;
				CLANG_ANALYZER_NONNULL = YES;
				CLANG_ANALYZER_NUMBER_OBJECT_CONVERSION = YES_AGGRESSIVE;
				CLANG_CXX_LANGUAGE_STANDARD = "gnu++14";
				CLANG_CXX_LIBRARY = "libc++";
				CLANG_ENABLE_MODULES = YES;
				CLANG_ENABLE_OBJC_ARC = YES;
				CLANG_ENABLE_OBJC_WEAK = YES;
				CLANG_WARN_BLOCK_CAPTURE_AUTORELEASING = YES;
				CLANG_WARN_BOOL_CONVERSION = YES;
				CLANG_WARN_COMMA = YES;
				CLANG_WARN_CONSTANT_CONVERSION = YES;
				CLANG_WARN_DEPRECATED_OBJC_IMPLEMENTATIONS = YES;
				CLANG_WARN_DIRECT_OBJC_ISA_USAGE = YES_ERROR;
				CLANG_WARN_DOCUMENTATION_COMMENTS = YES;
				CLANG_WARN_EMPTY_BODY = YES;
				CLANG_WARN_ENUM_CONVERSION = YES;
				CLANG_WARN_INFINITE_RECURSION = YES;
				CLANG_WARN_INT_CONVERSION = YES;
				CLANG_WARN_NON_LITERAL_NULL_CONVERSION = YES;
				CLANG_WARN_OBJC_IMPLICIT_RETAIN_SELF = YES;
				CLANG_WARN_OBJC_LITERAL_CONVERSION = YES;
				CLANG_WARN_OBJC_ROOT_CLASS = YES_ERROR;
				CLANG_WARN_RANGE_LOOP_ANALYSIS = YES;
				CLANG_WARN_STRICT_PROTOTYPES = YES;
				CLANG_WARN_SUSPICIOUS_MOVE = YES;
				CLANG_WARN_UNGUARDED_AVAILABILITY = YES_AGGRESSIVE;
				CLANG_WARN_UNREACHABLE_CODE = YES;
				CLANG_WARN__DUPLICATE_METHOD_MATCH = YES;
				COPY_PHASE_STRIP = NO;
				DEBUG_INFORMATION_FORMAT = "dwarf-with-dsym";
				ENABLE_NS_ASSERTIONS = NO;
				ENABLE_STRICT_OBJC_MSGSEND = YES;
				GCC_C_LANGUAGE_STANDARD = gnu11;
				GCC_NO_COMMON_BLOCKS = YES;
				GCC_WARN_64_TO_32_BIT_CONVERSION = YES;
				GCC_WARN_ABOUT_RETURN_TYPE = YES_ERROR;
				GCC_WARN_UNDECLARED_SELECTOR = YES;
				GCC_WARN_UNINITIALIZED_AUTOS = YES_AGGRESSIVE;
				GCC_WARN_UNUSED_FUNCTION = YES;
				GCC_WARN_UNUSED_VARIABLE = YES;
				IPHONEOS_DEPLOYMENT_TARGET = 13.6;
				MTL_ENABLE_DEBUG_INFO = NO;
				MTL_FAST_MATH = YES;
				SDKROOT = iphoneos;
				SWIFT_COMPILATION_MODE = wholemodule;
				SWIFT_OPTIMIZATION_LEVEL = "-O";
				VALIDATE_PRODUCT = YES;
			};
			name = Release;
		};
		20CE220524FE3B9000994B8E /* Debug */ = {
			isa = XCBuildConfiguration;
			buildSettings = {
				ASSETCATALOG_COMPILER_APPICON_NAME = AppIcon;
				CODE_SIGN_STYLE = Automatic;
				ENABLE_PREVIEWS = YES;
				INFOPLIST_FILE = TestProject/Application/Info.plist;
				LD_RUNPATH_SEARCH_PATHS = (
					"$(inherited)",
					"@executable_path/Frameworks",
				);
				PRODUCT_BUNDLE_IDENTIFIER = aisling.linux.TestProject;
				PRODUCT_NAME = "$(TARGET_NAME)";
				SWIFT_VERSION = 5.0;
				TARGETED_DEVICE_FAMILY = "1,2";
			};
			name = Debug;
		};
		20CE220624FE3B9000994B8E /* Release */ = {
			isa = XCBuildConfiguration;
			buildSettings = {
				ASSETCATALOG_COMPILER_APPICON_NAME = AppIcon;
				CODE_SIGN_STYLE = Automatic;
				ENABLE_PREVIEWS = YES;
				INFOPLIST_FILE = TestProject/Application/Info.plist;
				LD_RUNPATH_SEARCH_PATHS = (
					"$(inherited)",
					"@executable_path/Frameworks",
				);
				PRODUCT_BUNDLE_IDENTIFIER = aisling.linux.TestProject;
				PRODUCT_NAME = "$(TARGET_NAME)";
				SWIFT_VERSION = 5.0;
				TARGETED_DEVICE_FAMILY = "1,2";
			};
			name = Release;
		};
		20CE220824FE3B9000994B8E /* Debug */ = {
			isa = XCBuildConfiguration;
			buildSettings = {
				ALWAYS_EMBED_SWIFT_STANDARD_LIBRARIES = YES;
				BUNDLE_LOADER = "$(TEST_HOST)";
				CODE_SIGN_STYLE = Automatic;
				INFOPLIST_FILE = TestProjectTests/Info.plist;
				IPHONEOS_DEPLOYMENT_TARGET = 13.6;
				LD_RUNPATH_SEARCH_PATHS = (
					"$(inherited)",
					"@executable_path/Frameworks",
					"@loader_path/Frameworks",
				);
				PRODUCT_BUNDLE_IDENTIFIER = aisling.linux.TestProjectTests;
				PRODUCT_NAME = "$(TARGET_NAME)";
				SWIFT_VERSION = 5.0;
				TARGETED_DEVICE_FAMILY = "1,2";
				TEST_HOST = "$(BUILT_PRODUCTS_DIR)/TestProject.app/TestProject";
			};
			name = Debug;
		};
		20CE220924FE3B9000994B8E /* Release */ = {
			isa = XCBuildConfiguration;
			buildSettings = {
				ALWAYS_EMBED_SWIFT_STANDARD_LIBRARIES = YES;
				BUNDLE_LOADER = "$(TEST_HOST)";
				CODE_SIGN_STYLE = Automatic;
				INFOPLIST_FILE = TestProjectTests/Info.plist;
				IPHONEOS_DEPLOYMENT_TARGET = 13.6;
				LD_RUNPATH_SEARCH_PATHS = (
					"$(inherited)",
					"@executable_path/Frameworks",
					"@loader_path/Frameworks",
				);
				PRODUCT_BUNDLE_IDENTIFIER = aisling.linux.TestProjectTests;
				PRODUCT_NAME = "$(TARGET_NAME)";
				SWIFT_VERSION = 5.0;
				TARGETED_DEVICE_FAMILY = "1,2";
				TEST_HOST = "$(BUILT_PRODUCTS_DIR)/TestProject.app/TestProject";
			};
			name = Release;
		};
/* End XCBuildConfiguration section */

/* Begin XCConfigurationList section */
		20CE21E024FE3B8F00994B8E /* Build configuration list for PBXProject "TestProject" */ = {
			isa = XCConfigurationList;
			buildConfigurations = (
				20CE220224FE3B9000994B8E /* Debug */,
				20CE220324FE3B9000994B8E /* Release */,
			);
			defaultConfigurationIsVisible = 0;
			defaultConfigurationName = Release;
		};
		20CE220424FE3B9000994B8E /* Build configuration list for PBXNativeTarget "TestProject" */ = {
			isa = XCConfigurationList;
			buildConfigurations = (
				20CE220524FE3B9000994B8E /* Debug */,
				20CE220624FE3B9000994B8E /* Release */,
			);
			defaultConfigurationIsVisible = 0;
			defaultConfigurationName = Release;
		};
		20CE220724FE3B9000994B8E /* Build configuration list for PBXNativeTarget "TestProjectTests" */ = {
			isa = XCConfigurationList;
			buildConfigurations = (
				20CE220824FE3B9000994B8E /* Debug */,
				20CE220924FE3B9000994B8E /* Release */,
			);
			defaultConfigurationIsVisible = 0;
			defaultConfigurationName = Release;
		};
/* End XCConfigurationList section */
	};
	rootObject = 20CE21DD24FE3B8F00994B8E /* Project object */;
}
